DEPENDENCIES
  apt
  build-essential
  nodejs (~> 3.0.0)
  platform_packages
    git: https://github.com/jkraemer/chef-platform_packages
    revision: 98464829a14515ee46ac630de9f3e9126f4d6609
  postgresql
    git: https://github.com/phlipper/chef-postgresql
    revision: df0423d11db9f4cf1c66ae6d94bcde86ab32f30a
  ruby_build
  ruby_rbenv
    git: https://github.com/sous-chefs/ruby_rbenv
    revision: 8b88f88e7b840f648a453cab3ba04d2ab795c5e6
  vim

GRAPH
  apt (6.1.0)
  ark (3.0.0)
    build-essential (>= 0.0.0)
    seven_zip (>= 0.0.0)
    windows (>= 0.0.0)
  build-essential (8.0.1)
    mingw (>= 1.1)
    seven_zip (>= 0.0.0)
  compat_resource (12.19.0)
  dmg (4.0.0)
  git (6.0.0)
    build-essential (>= 0.0.0)
    dmg (>= 0.0.0)
    yum-epel (>= 0.0.0)
  homebrew (4.1.0)
  mingw (2.0.1)
    seven_zip (>= 0.0.0)
  nodejs (3.0.0)
    apt (>= 2.9.1)
    ark (>= 0.0.0)
    build-essential (>= 0.0.0)
    homebrew (>= 0.0.0)
    yum-epel (>= 0.0.0)
  ohai (5.1.0)
  platform_packages (0.4.3)
  postgresql (0.16.1)
    apt (>= 2.6.1)
  ruby_build (1.1.0)
    git (>= 0.0.0)
    yum-epel (>= 0.0.0)
  ruby_rbenv (1.2.0)
    ruby_build (>= 1.1.0)
  seven_zip (2.0.2)
    windows (>= 1.2.2)
  vim (2.0.2)
  windows (3.0.5)
    ohai (>= 4.0.0)
  yum-epel (2.1.1)
    compat_resource (>= 12.16.3)
